
Microsoft Visual Studio Solution File, Format Version 12.00
# Visual Studio Version 17
VisualStudioVersion = 17.5.33530.505
MinimumVisualStudioVersion = 10.0.40219.1
Project("{9A19103F-16F7-4668-BE54-9A1E7A4F7556}") = "Helmobilite", "Helmobilite\Helmobilite.csproj", "{998C0946-AF14-4306-8AED-C2CF79069444}"
EndProject
Global
	GlobalSection(SolutionConfigurationPlatforms) = preSolution
		Debug|Any CPU = Debug|Any CPU
		Release 1|Any CPU = Release 1|Any CPU
		Release|Any CPU = Release|Any CPU
	EndGlobalSection
	GlobalSection(ProjectConfigurationPlatforms) = postSolution
		{998C0946-AF14-4306-8AED-C2CF79069444}.Debug|Any CPU.ActiveCfg = Debug|Any CPU
		{998C0946-AF14-4306-8AED-C2CF79069444}.Debug|Any CPU.Build.0 = Debug|Any CPU
		{998C0946-AF14-4306-8AED-C2CF79069444}.Release 1|Any CPU.ActiveCfg = Release 1|Any CPU
		{998C0946-AF14-4306-8AED-C2CF79069444}.Release 1|Any CPU.Build.0 = Release 1|Any CPU
		{998C0946-AF14-4306-8AED-C2CF79069444}.Release|Any CPU.ActiveCfg = Release|Any CPU
		{998C0946-AF14-4306-8AED-C2CF79069444}.Release|Any CPU.Build.0 = Release|Any CPU
	EndGlobalSection
	GlobalSection(SolutionProperties) = preSolution
		HideSolutionNode = FALSE
	EndGlobalSection
	GlobalSection(ExtensibilityGlobals) = postSolution
		SolutionGuid = {C93428A6-488A-4165-B768-6619B821F384}
	EndGlobalSection
EndGlobal
